// !$*UTF8*$!
{
	archiveVersion = 1;
	classes = {
	};
	objectVersion = 46;
	objects = {

/* Begin PBXAggregateTarget section */
		18A820C7825145B2ABCFE351 /* ZERO_CHECK */ = {
			isa = PBXAggregateTarget;
			buildConfigurationList = F00EDBC1AC314C9388E572EC /* Build configuration list for PBXAggregateTarget "ZERO_CHECK" */;
			buildPhases = (
				3039452528788FD8FEDCAED6 /* Generate CMakeFiles/ZERO_CHECK */,
			);
			dependencies = (
			);
			name = ZERO_CHECK;
			productName = ZERO_CHECK;
		};
		19EF0A27C46F45EF85A402AB /* install */ = {
			isa = PBXAggregateTarget;
			buildConfigurationList = 150678745A2047B8BB18760F /* Build configuration list for PBXAggregateTarget "install" */;
			buildPhases = (
				93426DA6A4AC2C2AC9CE883C /* CMake PostBuild Rules */,
			);
			dependencies = (
				AEADB0ABE51047579784EF7F /* PBXTargetDependency */,
			);
			name = install;
			productName = install;
		};
		293EB2B0B2634572A5935A79 /* ALL_BUILD */ = {
			isa = PBXAggregateTarget;
			buildConfigurationList = 5E17381086524F8588B631F7 /* Build configuration list for PBXAggregateTarget "ALL_BUILD" */;
			buildPhases = (
				F82CC138AE13003B671183D4 /* Generate CMakeFiles/ALL_BUILD */,
			);
			dependencies = (
				DEDE46BB1CA14554ACAC62A1 /* PBXTargetDependency */,
				572550A2B805474FBDE58460 /* PBXTargetDependency */,
				5087DD786C3148B1926562C1 /* PBXTargetDependency */,
			);
			name = ALL_BUILD;
			productName = ALL_BUILD;
		};
/* End PBXAggregateTarget section */

/* Begin PBXBuildFile section */
		0325318670C04BA8B098873E /* /Users/student/Documents/code/Arpeggiator/JUCE/extras/Build/juce_build_tools/juce_build_tools.cpp */ = {isa = PBXBuildFile; fileRef = FF0FF9DFA9514590858A09D3 /* /Users/student/Documents/code/Arpeggiator/JUCE/extras/Build/juce_build_tools/juce_build_tools.cpp */; };
		0384D7DA9D554F7F9F274BA7 /* /Applications/Xcode.app/Contents/Developer/Platforms/MacOSX.platform/Developer/SDKs/MacOSX12.3.sdk/System/Library/Frameworks/Foundation.framework */ = {isa = PBXBuildFile; fileRef = C5D34A929D364048B768A8BC /* /Applications/Xcode.app/Contents/Developer/Platforms/MacOSX.platform/Developer/SDKs/MacOSX12.3.sdk/System/Library/Frameworks/Foundation.framework */; };
		1A6AC536F2E446C6A848C2C1 /* /Users/student/Documents/code/Arpeggiator/JUCE/modules/juce_events/juce_events.mm */ = {isa = PBXBuildFile; fileRef = 310ABB91177B4F74B1710FC2 /* /Users/student/Documents/code/Arpeggiator/JUCE/modules/juce_events/juce_events.mm */; };
		725E91BF03024B0ABAC4F6B7 /* /Users/student/Documents/code/Arpeggiator/JUCE/modules/juce_core/juce_core.mm */ = {isa = PBXBuildFile; fileRef = A770C331F5B145D4A363A86B /* /Users/student/Documents/code/Arpeggiator/JUCE/modules/juce_core/juce_core.mm */; };
		77038EB38B4141639586A042 /* /Users/student/Documents/code/Arpeggiator/JUCE/extras/Build/juceaide/Main.cpp */ = {isa = PBXBuildFile; fileRef = 03A238FB1992498FB0E3D029 /* /Users/student/Documents/code/Arpeggiator/JUCE/extras/Build/juceaide/Main.cpp */; };
		7AB7C3299FA54631B8AC7B62 /* /Users/student/Documents/code/Arpeggiator/JUCE/modules/juce_gui_basics/juce_gui_basics.mm */ = {isa = PBXBuildFile; fileRef = 69DBA1485A4E4F22ABE77A0F /* /Users/student/Documents/code/Arpeggiator/JUCE/modules/juce_gui_basics/juce_gui_basics.mm */; };
		82AA3D029FFE423BA3065706 /* /Users/student/Documents/code/Arpeggiator/JUCE/modules/juce_audio_plugin_client/LV2/juce_LV2TurtleDumpProgram.cpp */ = {isa = PBXBuildFile; fileRef = 803BA33473664760BC1C557B /* /Users/student/Documents/code/Arpeggiator/JUCE/modules/juce_audio_plugin_client/LV2/juce_LV2TurtleDumpProgram.cpp */; };
		861FB84AF2ED47B0871C2E87 /* /Applications/Xcode.app/Contents/Developer/Platforms/MacOSX.platform/Developer/SDKs/MacOSX12.3.sdk/System/Library/Frameworks/QuartzCore.framework */ = {isa = PBXBuildFile; fileRef = 5A580B4B4C8F4715A4D38BBD /* /Applications/Xcode.app/Contents/Developer/Platforms/MacOSX.platform/Developer/SDKs/MacOSX12.3.sdk/System/Library/Frameworks/QuartzCore.framework */; };
		894A7EF97A43489AB7B497D3 /* /Users/student/Documents/code/Arpeggiator/JUCE/modules/juce_graphics/juce_graphics.mm */ = {isa = PBXBuildFile; fileRef = 1DAD4B98B8BB4F27BF475F98 /* /Users/student/Documents/code/Arpeggiator/JUCE/modules/juce_graphics/juce_graphics.mm */; };
		94A17C997E3E467D9EBBE52E /* /Applications/Xcode.app/Contents/Developer/Platforms/MacOSX.platform/Developer/SDKs/MacOSX12.3.sdk/System/Library/Frameworks/IOKit.framework */ = {isa = PBXBuildFile; fileRef = F8F460E6114D453F9CFE9301 /* /Applications/Xcode.app/Contents/Developer/Platforms/MacOSX.platform/Developer/SDKs/MacOSX12.3.sdk/System/Library/Frameworks/IOKit.framework */; };
		E210AB667EB9400FAF8595F5 /* /Users/student/Documents/code/Arpeggiator/JUCE/extras/Build/juceaide/CMakeLists.txt */ = {isa = PBXBuildFile; fileRef = A34B75238D66416F80C9EA95 /* /Users/student/Documents/code/Arpeggiator/JUCE/extras/Build/juceaide/CMakeLists.txt */; };
		E6263A61AB5E43FABE255BD8 /* /Users/student/Documents/code/Arpeggiator/JUCE/modules/juce_data_structures/juce_data_structures.mm */ = {isa = PBXBuildFile; fileRef = EA519007D0C54D01B27617E8 /* /Users/student/Documents/code/Arpeggiator/JUCE/modules/juce_data_structures/juce_data_structures.mm */; };
		ED708F94D1A7421B8ECDE9DD /* /Applications/Xcode.app/Contents/Developer/Platforms/MacOSX.platform/Developer/SDKs/MacOSX12.3.sdk/System/Library/Frameworks/Cocoa.framework */ = {isa = PBXBuildFile; fileRef = E185E5F6F1B445AF9C8F66F3 /* /Applications/Xcode.app/Contents/Developer/Platforms/MacOSX.platform/Developer/SDKs/MacOSX12.3.sdk/System/Library/Frameworks/Cocoa.framework */; };
		F4B7350951104AE1848A858B /* /Users/student/Documents/code/Arpeggiator/JUCE/CMakeLists.txt */ = {isa = PBXBuildFile; fileRef = 07DF716399F6439FAE028C9E /* /Users/student/Documents/code/Arpeggiator/JUCE/CMakeLists.txt */; };
/* End PBXBuildFile section */

/* Begin PBXBuildStyle section */
		0459B40BBC4E49EE9A953968 /* MinSizeRel */ = {
			isa = PBXBuildStyle;
			buildSettings = {
				COPY_PHASE_STRIP = NO;
			};
			name = MinSizeRel;
		};
		3B088836EC684FD9B4EF1767 /* RelWithDebInfo */ = {
			isa = PBXBuildStyle;
			buildSettings = {
				COPY_PHASE_STRIP = NO;
			};
			name = RelWithDebInfo;
		};
		5DE2CA6CE5A14200918690DB /* Release */ = {
			isa = PBXBuildStyle;
			buildSettings = {
				COPY_PHASE_STRIP = NO;
			};
			name = Release;
		};
		954AB35F67D74632AC5F2651 /* Debug */ = {
			isa = PBXBuildStyle;
			buildSettings = {
				COPY_PHASE_STRIP = NO;
			};
			name = Debug;
		};
/* End PBXBuildStyle section */

/* Begin PBXContainerItemProxy section */
		040CEA87A7F94E4DA38ED177 /* PBXContainerItemProxy */ = {
			isa = PBXContainerItemProxy;
			containerPortal = CADD6913DD794AB39247CEF1 /* Project object */;
			proxyType = 1;
			remoteGlobalIDString = D910D177AF884EE8AECD446E;
			remoteInfo = juceaide;
		};
		30CA00F32DD84DD5BC464F2D /* PBXContainerItemProxy */ = {
			isa = PBXContainerItemProxy;
			containerPortal = CADD6913DD794AB39247CEF1 /* Project object */;
			proxyType = 1;
			remoteGlobalIDString = 51D09A82DB134C78BDF9A0BB;
			remoteInfo = juce_lv2_helper;
		};
		4852D116EA34414B884BC760 /* PBXContainerItemProxy */ = {
			isa = PBXContainerItemProxy;
			containerPortal = CADD6913DD794AB39247CEF1 /* Project object */;
			proxyType = 1;
			remoteGlobalIDString = 293EB2B0B2634572A5935A79;
			remoteInfo = ALL_BUILD;
		};
		4F6CA883506649549500F93C /* PBXContainerItemProxy */ = {
			isa = PBXContainerItemProxy;
			containerPortal = CADD6913DD794AB39247CEF1 /* Project object */;
			proxyType = 1;
			remoteGlobalIDString = 18A820C7825145B2ABCFE351;
			remoteInfo = ZERO_CHECK;
		};
		7F61D3B9F0BC4BAA89D8D88C /* PBXContainerItemProxy */ = {
			isa = PBXContainerItemProxy;
			containerPortal = CADD6913DD794AB39247CEF1 /* Project object */;
			proxyType = 1;
			remoteGlobalIDString = 18A820C7825145B2ABCFE351;
			remoteInfo = ZERO_CHECK;
		};
		820C960272DB4004A07D8851 /* PBXContainerItemProxy */ = {
			isa = PBXContainerItemProxy;
			containerPortal = CADD6913DD794AB39247CEF1 /* Project object */;
			proxyType = 1;
			remoteGlobalIDString = 18A820C7825145B2ABCFE351;
			remoteInfo = ZERO_CHECK;
		};
/* End PBXContainerItemProxy section */

/* Begin PBXFileReference section */
		03A238FB1992498FB0E3D029 /* /Users/student/Documents/code/Arpeggiator/JUCE/extras/Build/juceaide/Main.cpp */ = {isa = PBXFileReference; explicitFileType = sourcecode.cpp.cpp; fileEncoding = 4; name = Main.cpp; path = extras/Build/juceaide/Main.cpp; sourceTree = SOURCE_ROOT; };
		07DF716399F6439FAE028C9E /* /Users/student/Documents/code/Arpeggiator/JUCE/CMakeLists.txt */ = {isa = PBXFileReference; explicitFileType = sourcecode.text; fileEncoding = 4; name = CMakeLists.txt; path = CMakeLists.txt; sourceTree = SOURCE_ROOT; };
		1DAD4B98B8BB4F27BF475F98 /* /Users/student/Documents/code/Arpeggiator/JUCE/modules/juce_graphics/juce_graphics.mm */ = {isa = PBXFileReference; explicitFileType = sourcecode.cpp.objcpp; fileEncoding = 4; name = juce_graphics.mm; path = modules/juce_graphics/juce_graphics.mm; sourceTree = SOURCE_ROOT; };
		310ABB91177B4F74B1710FC2 /* /Users/student/Documents/code/Arpeggiator/JUCE/modules/juce_events/juce_events.mm */ = {isa = PBXFileReference; explicitFileType = sourcecode.cpp.objcpp; fileEncoding = 4; name = juce_events.mm; path = modules/juce_events/juce_events.mm; sourceTree = SOURCE_ROOT; };
		45AFA07622934C70ADE8B841 /* juceaide */ = {isa = PBXFileReference; explicitFileType = "compiled.mach-o.executable"; path = juceaide; sourceTree = BUILT_PRODUCTS_DIR; };
		5A580B4B4C8F4715A4D38BBD /* /Applications/Xcode.app/Contents/Developer/Platforms/MacOSX.platform/Developer/SDKs/MacOSX12.3.sdk/System/Library/Frameworks/QuartzCore.framework */ = {isa = PBXFileReference; fileEncoding = 4; lastKnownFileType = wrapper.framework; name = QuartzCore.framework; path = /Applications/Xcode.app/Contents/Developer/Platforms/MacOSX.platform/Developer/SDKs/MacOSX12.3.sdk/System/Library/Frameworks/QuartzCore.framework; sourceTree = "<absolute>"; };
		69DBA1485A4E4F22ABE77A0F /* /Users/student/Documents/code/Arpeggiator/JUCE/modules/juce_gui_basics/juce_gui_basics.mm */ = {isa = PBXFileReference; explicitFileType = sourcecode.cpp.objcpp; fileEncoding = 4; name = juce_gui_basics.mm; path = modules/juce_gui_basics/juce_gui_basics.mm; sourceTree = SOURCE_ROOT; };
		6C48EA2986E64868A3AF4D6D /* juce_lv2_helper */ = {isa = PBXFileReference; explicitFileType = "compiled.mach-o.executable"; path = juce_lv2_helper; sourceTree = BUILT_PRODUCTS_DIR; };
		803BA33473664760BC1C557B /* /Users/student/Documents/code/Arpeggiator/JUCE/modules/juce_audio_plugin_client/LV2/juce_LV2TurtleDumpProgram.cpp */ = {isa = PBXFileReference; explicitFileType = sourcecode.cpp.cpp; fileEncoding = 4; name = juce_LV2TurtleDumpProgram.cpp; path = modules/juce_audio_plugin_client/LV2/juce_LV2TurtleDumpProgram.cpp; sourceTree = SOURCE_ROOT; };
		A34B75238D66416F80C9EA95 /* /Users/student/Documents/code/Arpeggiator/JUCE/extras/Build/juceaide/CMakeLists.txt */ = {isa = PBXFileReference; explicitFileType = sourcecode.text; fileEncoding = 4; name = CMakeLists.txt; path = extras/Build/juceaide/CMakeLists.txt; sourceTree = SOURCE_ROOT; };
		A770C331F5B145D4A363A86B /* /Users/student/Documents/code/Arpeggiator/JUCE/modules/juce_core/juce_core.mm */ = {isa = PBXFileReference; explicitFileType = sourcecode.cpp.objcpp; fileEncoding = 4; name = juce_core.mm; path = modules/juce_core/juce_core.mm; sourceTree = SOURCE_ROOT; };
		C5D34A929D364048B768A8BC /* /Applications/Xcode.app/Contents/Developer/Platforms/MacOSX.platform/Developer/SDKs/MacOSX12.3.sdk/System/Library/Frameworks/Foundation.framework */ = {isa = PBXFileReference; fileEncoding = 4; lastKnownFileType = wrapper.framework; name = Foundation.framework; path = /Applications/Xcode.app/Contents/Developer/Platforms/MacOSX.platform/Developer/SDKs/MacOSX12.3.sdk/System/Library/Frameworks/Foundation.framework; sourceTree = "<absolute>"; };
		E185E5F6F1B445AF9C8F66F3 /* /Applications/Xcode.app/Contents/Developer/Platforms/MacOSX.platform/Developer/SDKs/MacOSX12.3.sdk/System/Library/Frameworks/Cocoa.framework */ = {isa = PBXFileReference; fileEncoding = 4; lastKnownFileType = wrapper.framework; name = Cocoa.framework; path = /Applications/Xcode.app/Contents/Developer/Platforms/MacOSX.platform/Developer/SDKs/MacOSX12.3.sdk/System/Library/Frameworks/Cocoa.framework; sourceTree = "<absolute>"; };
		EA519007D0C54D01B27617E8 /* /Users/student/Documents/code/Arpeggiator/JUCE/modules/juce_data_structures/juce_data_structures.mm */ = {isa = PBXFileReference; explicitFileType = sourcecode.cpp.objcpp; fileEncoding = 4; name = juce_data_structures.mm; path = modules/juce_data_structures/juce_data_structures.mm; sourceTree = SOURCE_ROOT; };
		F8F460E6114D453F9CFE9301 /* /Applications/Xcode.app/Contents/Developer/Platforms/MacOSX.platform/Developer/SDKs/MacOSX12.3.sdk/System/Library/Frameworks/IOKit.framework */ = {isa = PBXFileReference; fileEncoding = 4; lastKnownFileType = wrapper.framework; name = IOKit.framework; path = /Applications/Xcode.app/Contents/Developer/Platforms/MacOSX.platform/Developer/SDKs/MacOSX12.3.sdk/System/Library/Frameworks/IOKit.framework; sourceTree = "<absolute>"; };
		FD1E0BD8423443C38B23A0BB /* /Users/student/Documents/code/Arpeggiator/JUCE/CMakeLists.txt */ = {isa = PBXFileReference; explicitFileType = sourcecode.text; fileEncoding = 4; name = CMakeLists.txt; path = CMakeLists.txt; sourceTree = SOURCE_ROOT; };
		FF0FF9DFA9514590858A09D3 /* /Users/student/Documents/code/Arpeggiator/JUCE/extras/Build/juce_build_tools/juce_build_tools.cpp */ = {isa = PBXFileReference; explicitFileType = sourcecode.cpp.cpp; fileEncoding = 4; name = juce_build_tools.cpp; path = extras/Build/juce_build_tools/juce_build_tools.cpp; sourceTree = SOURCE_ROOT; };
/* End PBXFileReference section */

/* Begin PBXFrameworksBuildPhase section */
		30844B7E73A44AAE90DC24EB /* Frameworks */ = {
			isa = PBXFrameworksBuildPhase;
			buildActionMask = 2147483647;
			files = (
			);
			runOnlyForDeploymentPostprocessing = 0;
		};
		61D0A63619EE46BB9F0A8EBE /* Frameworks */ = {
			isa = PBXFrameworksBuildPhase;
			buildActionMask = 2147483647;
			files = (
			);
			runOnlyForDeploymentPostprocessing = 0;
		};
/* End PBXFrameworksBuildPhase section */

/* Begin PBXGroup section */
		1B195F3DB1834E978025A451 /* juce_lv2_helper */ = {
			isa = PBXGroup;
			children = (
				C8706B12A71D4F4E8C3F394B /* Source Files */,
				07DF716399F6439FAE028C9E /* /Users/student/Documents/code/Arpeggiator/JUCE/CMakeLists.txt */,
			);
			name = juce_lv2_helper;
			sourceTree = "<group>";
		};
		30F53C9711F74E338CCD8AB8 /* CMake Rules */ = {
			isa = PBXGroup;
			children = (
			);
			name = "CMake Rules";
			sourceTree = "<group>";
		};
		63F948CD35194D239B64BDF7 /* juceaide */ = {
			isa = PBXGroup;
			children = (
				9712B2E47624445DB828B208 /* Source Files */,
				A34B75238D66416F80C9EA95 /* /Users/student/Documents/code/Arpeggiator/JUCE/extras/Build/juceaide/CMakeLists.txt */,
			);
			name = juceaide;
			sourceTree = "<group>";
		};
		6714D626284B44FCA79EC569 /* ALL_BUILD */ = {
			isa = PBXGroup;
			children = (
				30F53C9711F74E338CCD8AB8 /* CMake Rules */,
				FD1E0BD8423443C38B23A0BB /* /Users/student/Documents/code/Arpeggiator/JUCE/CMakeLists.txt */,
			);
			name = ALL_BUILD;
			sourceTree = "<group>";
		};
		745757AF7DC14E79AC092CFA /* Frameworks */ = {
			isa = PBXGroup;
			children = (
				5A580B4B4C8F4715A4D38BBD /* /Applications/Xcode.app/Contents/Developer/Platforms/MacOSX.platform/Developer/SDKs/MacOSX12.3.sdk/System/Library/Frameworks/QuartzCore.framework */,
				E185E5F6F1B445AF9C8F66F3 /* /Applications/Xcode.app/Contents/Developer/Platforms/MacOSX.platform/Developer/SDKs/MacOSX12.3.sdk/System/Library/Frameworks/Cocoa.framework */,
				C5D34A929D364048B768A8BC /* /Applications/Xcode.app/Contents/Developer/Platforms/MacOSX.platform/Developer/SDKs/MacOSX12.3.sdk/System/Library/Frameworks/Foundation.framework */,
				F8F460E6114D453F9CFE9301 /* /Applications/Xcode.app/Contents/Developer/Platforms/MacOSX.platform/Developer/SDKs/MacOSX12.3.sdk/System/Library/Frameworks/IOKit.framework */,
			);
			name = Frameworks;
			sourceTree = "<group>";
		};
		9712B2E47624445DB828B208 /* Source Files */ = {
			isa = PBXGroup;
			children = (
				FF0FF9DFA9514590858A09D3 /* /Users/student/Documents/code/Arpeggiator/JUCE/extras/Build/juce_build_tools/juce_build_tools.cpp */,
				03A238FB1992498FB0E3D029 /* /Users/student/Documents/code/Arpeggiator/JUCE/extras/Build/juceaide/Main.cpp */,
				A770C331F5B145D4A363A86B /* /Users/student/Documents/code/Arpeggiator/JUCE/modules/juce_core/juce_core.mm */,
				EA519007D0C54D01B27617E8 /* /Users/student/Documents/code/Arpeggiator/JUCE/modules/juce_data_structures/juce_data_structures.mm */,
				310ABB91177B4F74B1710FC2 /* /Users/student/Documents/code/Arpeggiator/JUCE/modules/juce_events/juce_events.mm */,
				1DAD4B98B8BB4F27BF475F98 /* /Users/student/Documents/code/Arpeggiator/JUCE/modules/juce_graphics/juce_graphics.mm */,
				69DBA1485A4E4F22ABE77A0F /* /Users/student/Documents/code/Arpeggiator/JUCE/modules/juce_gui_basics/juce_gui_basics.mm */,
			);
			name = "Source Files";
			sourceTree = "<group>";
		};
		A14BCC337DAA46D2A955ED8F = {
			isa = PBXGroup;
			children = (
				1B195F3DB1834E978025A451 /* juce_lv2_helper */,
				6714D626284B44FCA79EC569 /* ALL_BUILD */,
				63F948CD35194D239B64BDF7 /* juceaide */,
				D03579BC8C354C4CA2EAE89F /* Products */,
				745757AF7DC14E79AC092CFA /* Frameworks */,
			);
			sourceTree = "<group>";
		};
		C8706B12A71D4F4E8C3F394B /* Source Files */ = {
			isa = PBXGroup;
			children = (
				803BA33473664760BC1C557B /* /Users/student/Documents/code/Arpeggiator/JUCE/modules/juce_audio_plugin_client/LV2/juce_LV2TurtleDumpProgram.cpp */,
			);
			name = "Source Files";
			sourceTree = "<group>";
		};
		D03579BC8C354C4CA2EAE89F /* Products */ = {
			isa = PBXGroup;
			children = (
				6C48EA2986E64868A3AF4D6D /* juce_lv2_helper */,
				45AFA07622934C70ADE8B841 /* juceaide */,
			);
			name = Products;
			sourceTree = "<group>";
		};
/* End PBXGroup section */

/* Begin PBXNativeTarget section */
		51D09A82DB134C78BDF9A0BB /* juce_lv2_helper */ = {
			isa = PBXNativeTarget;
			buildConfigurationList = 1332C85E52B04CBDA761D2B5 /* Build configuration list for PBXNativeTarget "juce_lv2_helper" */;
			buildPhases = (
				9F269B261B0349E29CF56E26 /* Sources */,
				30844B7E73A44AAE90DC24EB /* Frameworks */,
			);
			buildRules = (
			);
			dependencies = (
				8244CABD2E694325A6AF053E /* PBXTargetDependency */,
			);
			name = juce_lv2_helper;
			productName = juce_lv2_helper;
			productReference = 6C48EA2986E64868A3AF4D6D /* juce_lv2_helper */;
			productType = "com.apple.product-type.tool";
		};
		D910D177AF884EE8AECD446E /* juceaide */ = {
			isa = PBXNativeTarget;
			buildConfigurationList = 8FD38B2D469E4926BB534C31 /* Build configuration list for PBXNativeTarget "juceaide" */;
			buildPhases = (
				2C8EE51016274D90B298F134 /* Sources */,
				61D0A63619EE46BB9F0A8EBE /* Frameworks */,
			);
			buildRules = (
			);
			dependencies = (
				EE67ABDB2D114773B406E843 /* PBXTargetDependency */,
			);
			name = juceaide;
			productName = juceaide;
			productReference = 45AFA07622934C70ADE8B841 /* juceaide */;
			productType = "com.apple.product-type.tool";
		};
/* End PBXNativeTarget section */

/* Begin PBXProject section */
		CADD6913DD794AB39247CEF1 /* Project object */ = {
			isa = PBXProject;
			attributes = {
				BuildIndependentTargetsInParallel = YES;
				LastUpgradeCheck = 1340;
			};
			buildConfigurationList = 5C5F0CA0E5C14BF88903917B /* Build configuration list for PBXProject "JUCE" */;
			buildSettings = {
			};
			buildStyles = (
				954AB35F67D74632AC5F2651 /* Debug */,
				5DE2CA6CE5A14200918690DB /* Release */,
				0459B40BBC4E49EE9A953968 /* MinSizeRel */,
				3B088836EC684FD9B4EF1767 /* RelWithDebInfo */,
			);
			compatibilityVersion = "Xcode 3.2";
			hasScannedForEncodings = 0;
			mainGroup = A14BCC337DAA46D2A955ED8F;
			projectDirPath = /Users/student/Documents/code/Arpeggiator/JUCE;
			projectRoot = "";
			targets = (
				293EB2B0B2634572A5935A79 /* ALL_BUILD */,
				18A820C7825145B2ABCFE351 /* ZERO_CHECK */,
				19EF0A27C46F45EF85A402AB /* install */,
				51D09A82DB134C78BDF9A0BB /* juce_lv2_helper */,
				D910D177AF884EE8AECD446E /* juceaide */,
			);
		};
/* End PBXProject section */

/* Begin PBXShellScriptBuildPhase section */
		3039452528788FD8FEDCAED6 /* Generate CMakeFiles/ZERO_CHECK */ = {
			isa = PBXShellScriptBuildPhase;
			alwaysOutOfDate = 1;
			buildActionMask = 2147483647;
			files = (
			);
			inputPaths = (
			);
			name = "Generate CMakeFiles/ZERO_CHECK";
			outputPaths = (
/Users/student/Documents/code/Arpeggiator/Builds/JUCE/tools/CMakeFiles/ZERO_CHECK			);
			runOnlyForDeploymentPostprocessing = 0;
			shellPath = /bin/sh;
			shellScript = "set -e
if test \"$CONFIGURATION\" = \"Debug\"; then :
  cd /Users/student/Documents/code/Arpeggiator/Builds/JUCE/tools
  make -f /Users/student/Documents/code/Arpeggiator/Builds/JUCE/tools/CMakeScripts/ReRunCMake.make
fi
if test \"$CONFIGURATION\" = \"Release\"; then :
  cd /Users/student/Documents/code/Arpeggiator/Builds/JUCE/tools
  make -f /Users/student/Documents/code/Arpeggiator/Builds/JUCE/tools/CMakeScripts/ReRunCMake.make
fi
if test \"$CONFIGURATION\" = \"MinSizeRel\"; then :
  cd /Users/student/Documents/code/Arpeggiator/Builds/JUCE/tools
  make -f /Users/student/Documents/code/Arpeggiator/Builds/JUCE/tools/CMakeScripts/ReRunCMake.make
fi
if test \"$CONFIGURATION\" = \"RelWithDebInfo\"; then :
  cd /Users/student/Documents/code/Arpeggiator/Builds/JUCE/tools
  make -f /Users/student/Documents/code/Arpeggiator/Builds/JUCE/tools/CMakeScripts/ReRunCMake.make
fi
";
			showEnvVarsInLog = 0;
		};
		3C0110FC8322DE7E50886E21 = {
			isa = PBXShellScriptBuildPhase;
			buildActionMask = 2147483647;
			files = (
			);
			inputPaths = (
			);
			outputPaths = (
			);
			runOnlyForDeploymentPostprocessing = 0;
			shellPath = /bin/sh;
			shellScript = "# shell script goes here
exit 0";
			showEnvVarsInLog = 0;
		};
		87AF4882E018677E2624B544 = {
			isa = PBXShellScriptBuildPhase;
			buildActionMask = 2147483647;
			files = (
			);
			inputPaths = (
			);
			outputPaths = (
			);
			runOnlyForDeploymentPostprocessing = 0;
			shellPath = /bin/sh;
			shellScript = "# shell script goes here
exit 0";
			showEnvVarsInLog = 0;
		};
		93426DA6A4AC2C2AC9CE883C /* CMake PostBuild Rules */ = {
			isa = PBXShellScriptBuildPhase;
			alwaysOutOfDate = 1;
			buildActionMask = 2147483647;
			files = (
			);
			name = "CMake PostBuild Rules";
			outputPaths = (
			);
			runOnlyForDeploymentPostprocessing = 0;
			shellPath = /bin/sh;
			shellScript = "set -e
if test \"$CONFIGURATION\" = \"Debug\"; then :
  cd /Users/student/Documents/code/Arpeggiator/Builds/JUCE/tools
  /usr/local/Cellar/cmake/3.25.2/bin/cmake -DBUILD_TYPE=$CONFIGURATION$EFFECTIVE_PLATFORM_NAME -P cmake_install.cmake
fi
if test \"$CONFIGURATION\" = \"Release\"; then :
  cd /Users/student/Documents/code/Arpeggiator/Builds/JUCE/tools
  /usr/local/Cellar/cmake/3.25.2/bin/cmake -DBUILD_TYPE=$CONFIGURATION$EFFECTIVE_PLATFORM_NAME -P cmake_install.cmake
fi
if test \"$CONFIGURATION\" = \"MinSizeRel\"; then :
  cd /Users/student/Documents/code/Arpeggiator/Builds/JUCE/tools
  /usr/local/Cellar/cmake/3.25.2/bin/cmake -DBUILD_TYPE=$CONFIGURATION$EFFECTIVE_PLATFORM_NAME -P cmake_install.cmake
fi
if test \"$CONFIGURATION\" = \"RelWithDebInfo\"; then :
  cd /Users/student/Documents/code/Arpeggiator/Builds/JUCE/tools
  /usr/local/Cellar/cmake/3.25.2/bin/cmake -DBUILD_TYPE=$CONFIGURATION$EFFECTIVE_PLATFORM_NAME -P cmake_install.cmake
fi
";
			showEnvVarsInLog = 0;
		};
		9B50530E35CC49C82C2FACCF = {
			isa = PBXShellScriptBuildPhase;
			buildActionMask = 2147483647;
			files = (
			);
			inputPaths = (
			);
			outputPaths = (
			);
			runOnlyForDeploymentPostprocessing = 0;
			shellPath = /bin/sh;
			shellScript = "# shell script goes here
exit 0";
			showEnvVarsInLog = 0;
		};
		F82CC138AE13003B671183D4 /* Generate CMakeFiles/ALL_BUILD */ = {
			isa = PBXShellScriptBuildPhase;
			alwaysOutOfDate = 1;
			buildActionMask = 2147483647;
			files = (
			);
			inputPaths = (
			);
			name = "Generate CMakeFiles/ALL_BUILD";
			outputPaths = (
/Users/student/Documents/code/Arpeggiator/Builds/JUCE/tools/CMakeFiles/ALL_BUILD			);
			runOnlyForDeploymentPostprocessing = 0;
			shellPath = /bin/sh;
			shellScript = "set -e
if test \"$CONFIGURATION\" = \"Debug\"; then :
  cd /Users/student/Documents/code/Arpeggiator/Builds/JUCE/tools
  echo Build\\ all\\ projects
fi
if test \"$CONFIGURATION\" = \"Release\"; then :
  cd /Users/student/Documents/code/Arpeggiator/Builds/JUCE/tools
  echo Build\\ all\\ projects
fi
if test \"$CONFIGURATION\" = \"MinSizeRel\"; then :
  cd /Users/student/Documents/code/Arpeggiator/Builds/JUCE/tools
  echo Build\\ all\\ projects
fi
if test \"$CONFIGURATION\" = \"RelWithDebInfo\"; then :
  cd /Users/student/Documents/code/Arpeggiator/Builds/JUCE/tools
  echo Build\\ all\\ projects
fi
";
			showEnvVarsInLog = 0;
		};
/* End PBXShellScriptBuildPhase section */

/* Begin PBXSourcesBuildPhase section */
		2C8EE51016274D90B298F134 /* Sources */ = {
			isa = PBXSourcesBuildPhase;
			buildActionMask = 2147483647;
			files = (
				0325318670C04BA8B098873E /* /Users/student/Documents/code/Arpeggiator/JUCE/extras/Build/juce_build_tools/juce_build_tools.cpp */,
				77038EB38B4141639586A042 /* /Users/student/Documents/code/Arpeggiator/JUCE/extras/Build/juceaide/Main.cpp */,
				725E91BF03024B0ABAC4F6B7 /* /Users/student/Documents/code/Arpeggiator/JUCE/modules/juce_core/juce_core.mm */,
				E6263A61AB5E43FABE255BD8 /* /Users/student/Documents/code/Arpeggiator/JUCE/modules/juce_data_structures/juce_data_structures.mm */,
				1A6AC536F2E446C6A848C2C1 /* /Users/student/Documents/code/Arpeggiator/JUCE/modules/juce_events/juce_events.mm */,
				894A7EF97A43489AB7B497D3 /* /Users/student/Documents/code/Arpeggiator/JUCE/modules/juce_graphics/juce_graphics.mm */,
				7AB7C3299FA54631B8AC7B62 /* /Users/student/Documents/code/Arpeggiator/JUCE/modules/juce_gui_basics/juce_gui_basics.mm */,
			);
			runOnlyForDeploymentPostprocessing = 0;
		};
		9F269B261B0349E29CF56E26 /* Sources */ = {
			isa = PBXSourcesBuildPhase;
			buildActionMask = 2147483647;
			files = (
				82AA3D029FFE423BA3065706 /* /Users/student/Documents/code/Arpeggiator/JUCE/modules/juce_audio_plugin_client/LV2/juce_LV2TurtleDumpProgram.cpp */,
			);
			runOnlyForDeploymentPostprocessing = 0;
		};
/* End PBXSourcesBuildPhase section */

/* Begin PBXTargetDependency section */
		5087DD786C3148B1926562C1 /* PBXTargetDependency */ = {
			isa = PBXTargetDependency;
			target = D910D177AF884EE8AECD446E /* juceaide */;
			targetProxy = 040CEA87A7F94E4DA38ED177 /* PBXContainerItemProxy */;
		};
		572550A2B805474FBDE58460 /* PBXTargetDependency */ = {
			isa = PBXTargetDependency;
			target = 51D09A82DB134C78BDF9A0BB /* juce_lv2_helper */;
			targetProxy = 30CA00F32DD84DD5BC464F2D /* PBXContainerItemProxy */;
		};
		8244CABD2E694325A6AF053E /* PBXTargetDependency */ = {
			isa = PBXTargetDependency;
			target = 18A820C7825145B2ABCFE351 /* ZERO_CHECK */;
			targetProxy = 7F61D3B9F0BC4BAA89D8D88C /* PBXContainerItemProxy */;
		};
		AEADB0ABE51047579784EF7F /* PBXTargetDependency */ = {
			isa = PBXTargetDependency;
			target = 293EB2B0B2634572A5935A79 /* ALL_BUILD */;
			targetProxy = 4852D116EA34414B884BC760 /* PBXContainerItemProxy */;
		};
		DEDE46BB1CA14554ACAC62A1 /* PBXTargetDependency */ = {
			isa = PBXTargetDependency;
			target = 18A820C7825145B2ABCFE351 /* ZERO_CHECK */;
			targetProxy = 4F6CA883506649549500F93C /* PBXContainerItemProxy */;
		};
		EE67ABDB2D114773B406E843 /* PBXTargetDependency */ = {
			isa = PBXTargetDependency;
			target = 18A820C7825145B2ABCFE351 /* ZERO_CHECK */;
			targetProxy = 820C960272DB4004A07D8851 /* PBXContainerItemProxy */;
		};
/* End PBXTargetDependency section */

/* Begin XCBuildConfiguration section */
		029E08E873ED478781CF6289 /* Release */ = {
			isa = XCBuildConfiguration;
			buildSettings = {
				COMBINE_HIDPI_IMAGES = YES;
				GCC_GENERATE_DEBUGGING_SYMBOLS = YES;
				GCC_INLINES_ARE_PRIVATE_EXTERN = NO;
				GCC_OPTIMIZATION_LEVEL = 0;
				GCC_PREPROCESSOR_DEFINITIONS = ("'CMAKE_INTDIR=\"$(CONFIGURATION)$(EFFECTIVE_PLATFORM_NAME)\"'","$(inherited)");
				GCC_SYMBOLS_PRIVATE_EXTERN = NO;
				INSTALL_PATH = "";
				OTHER_LDFLAGS = ("","$(inherited)");
				OTHER_REZFLAGS = "";
				PRODUCT_NAME = ZERO_CHECK;
				SECTORDER_FLAGS = "";
				USE_HEADERMAP = NO;
				WARNING_CFLAGS = ("$(inherited)");
			};
			name = Release;
		};
		04A4D7EA58124FD98A1DBBE9 /* MinSizeRel */ = {
			isa = XCBuildConfiguration;
			buildSettings = {
				COMBINE_HIDPI_IMAGES = YES;
				CONFIGURATION_BUILD_DIR = /Users/student/Documents/code/Arpeggiator/Builds/JUCE/tools/extras/Build/juceaide/juceaide_artefacts/MinSizeRel;
				EXECUTABLE_PREFIX = "";
				EXECUTABLE_SUFFIX = "";
				GCC_GENERATE_DEBUGGING_SYMBOLS = NO;
				GCC_INLINES_ARE_PRIVATE_EXTERN = NO;
				GCC_OPTIMIZATION_LEVEL = 0;
				GCC_PREPROCESSOR_DEFINITIONS = ("'CMAKE_INTDIR=\"$(CONFIGURATION)$(EFFECTIVE_PLATFORM_NAME)\"'","'JUCE_STANDALONE_APPLICATION=1'","'JUCE_DISABLE_JUCE_VERSION_PRINTING=1'","'JUCE_USE_CURL=0'","'JUCE_MODULE_AVAILABLE_juce_build_tools=1'","'JUCE_MODULE_AVAILABLE_juce_gui_basics=1'","'JUCE_MODULE_AVAILABLE_juce_graphics=1'","'JUCE_MODULE_AVAILABLE_juce_events=1'","'JUCE_GLOBAL_MODULE_SETTINGS_INCLUDED=1'","'NDEBUG=1'","'_NDEBUG=1'","'JUCE_MODULE_AVAILABLE_juce_core=1'","'JUCE_MODULE_AVAILABLE_juce_data_structures=1'","$(inherited)");
				GCC_SYMBOLS_PRIVATE_EXTERN = NO;
				HEADER_SEARCH_PATHS = (/Users/student/Documents/code/Arpeggiator/Builds/JUCE/tools/extras/Build/juceaide/juceaide_artefacts/JuceLibraryCode,/Users/student/Documents/code/Arpeggiator/JUCE/extras/Build,/Users/student/Documents/code/Arpeggiator/JUCE/modules,"$(inherited)");
				INSTALL_PATH = "";
				OTHER_CPLUSPLUSFLAGS = "-Wall -Wshadow-all -Wshorten-64-to-32 -Wstrict-aliasing -Wuninitialized -Wunused-parameter -Wconversion -Wsign-compare -Wint-conversion -Wconditional-uninitialized -Wconstant-conversion -Wsign-conversion -Wbool-conversion -Wextra-semi -Wunreachable-code -Wcast-align -Wshift-sign-overflow -Wmissing-prototypes -Wnullable-to-nonnull-conversion -Wno-ignored-qualifiers -Wswitch-enum -Wpedantic -Wdeprecated -Wzero-as-null-pointer-constant -Wunused-private-field -Woverloaded-virtual -Wreorder -Winconsistent-missing-destructor-override '-std=c++17' ";
				OTHER_LDFLAGS = (" -Wl,-search_paths_first -Wl,-headerpad_max_install_names","-weak_framework Metal","-weak_framework MetalKit","-Xlinker -framework -Xlinker QuartzCore","-Xlinker -framework -Xlinker Cocoa","-Xlinker -framework -Xlinker Foundation","-Xlinker -framework -Xlinker IOKit","$(inherited)");
				OTHER_REZFLAGS = "";
				PRODUCT_NAME = juceaide;
				SECTORDER_FLAGS = "";
				TARGET_TEMP_DIR = "/Users/student/Documents/code/Arpeggiator/Builds/JUCE/tools/build/juceaide.build/$(CONFIGURATION)$(EFFECTIVE_PLATFORM_NAME)";
				USE_HEADERMAP = NO;
				WARNING_CFLAGS = ("$(inherited)");
			};
			name = MinSizeRel;
		};
		1A08DC1927994946B0B78E21 /* Release */ = {
			isa = XCBuildConfiguration;
			buildSettings = {
				COMBINE_HIDPI_IMAGES = YES;
				GCC_GENERATE_DEBUGGING_SYMBOLS = YES;
				GCC_INLINES_ARE_PRIVATE_EXTERN = NO;
				GCC_OPTIMIZATION_LEVEL = 0;
				GCC_PREPROCESSOR_DEFINITIONS = ("'CMAKE_INTDIR=\"$(CONFIGURATION)$(EFFECTIVE_PLATFORM_NAME)\"'","$(inherited)");
				GCC_SYMBOLS_PRIVATE_EXTERN = NO;
				INSTALL_PATH = "";
				OTHER_LDFLAGS = ("","$(inherited)");
				OTHER_REZFLAGS = "";
				PRODUCT_NAME = ALL_BUILD;
				SECTORDER_FLAGS = "";
				USE_HEADERMAP = NO;
				WARNING_CFLAGS = ("$(inherited)");
			};
			name = Release;
		};
		2B661C3990A54850BDAE61ED /* RelWithDebInfo */ = {
			isa = XCBuildConfiguration;
			buildSettings = {
				COMBINE_HIDPI_IMAGES = YES;
				GCC_GENERATE_DEBUGGING_SYMBOLS = YES;
				GCC_INLINES_ARE_PRIVATE_EXTERN = NO;
				GCC_OPTIMIZATION_LEVEL = 0;
				GCC_PREPROCESSOR_DEFINITIONS = ("'CMAKE_INTDIR=\"$(CONFIGURATION)$(EFFECTIVE_PLATFORM_NAME)\"'","$(inherited)");
				GCC_SYMBOLS_PRIVATE_EXTERN = NO;
				INSTALL_PATH = "";
				OTHER_LDFLAGS = ("","$(inherited)");
				OTHER_REZFLAGS = "";
				PRODUCT_NAME = ALL_BUILD;
				SECTORDER_FLAGS = "";
				USE_HEADERMAP = NO;
				WARNING_CFLAGS = ("$(inherited)");
			};
			name = RelWithDebInfo;
		};
		316A72FDA81B438DAD1096DA /* Debug */ = {
			isa = XCBuildConfiguration;
			buildSettings = {
				COMBINE_HIDPI_IMAGES = YES;
				GCC_GENERATE_DEBUGGING_SYMBOLS = YES;
				GCC_INLINES_ARE_PRIVATE_EXTERN = NO;
				GCC_OPTIMIZATION_LEVEL = 0;
				GCC_PREPROCESSOR_DEFINITIONS = ("'CMAKE_INTDIR=\"$(CONFIGURATION)$(EFFECTIVE_PLATFORM_NAME)\"'","$(inherited)");
				GCC_SYMBOLS_PRIVATE_EXTERN = NO;
				INSTALL_PATH = "";
				OTHER_LDFLAGS = ("","$(inherited)");
				OTHER_REZFLAGS = "";
				PRODUCT_NAME = install;
				SECTORDER_FLAGS = "";
				USE_HEADERMAP = NO;
				WARNING_CFLAGS = ("$(inherited)");
			};
			name = Debug;
		};
		5AE8472F5E9345F9A1208B9B /* Debug */ = {
			isa = XCBuildConfiguration;
			buildSettings = {
				COMBINE_HIDPI_IMAGES = YES;
				GCC_GENERATE_DEBUGGING_SYMBOLS = YES;
				GCC_INLINES_ARE_PRIVATE_EXTERN = NO;
				GCC_OPTIMIZATION_LEVEL = 0;
				GCC_PREPROCESSOR_DEFINITIONS = ("'CMAKE_INTDIR=\"$(CONFIGURATION)$(EFFECTIVE_PLATFORM_NAME)\"'","$(inherited)");
				GCC_SYMBOLS_PRIVATE_EXTERN = NO;
				INSTALL_PATH = "";
				OTHER_LDFLAGS = ("","$(inherited)");
				OTHER_REZFLAGS = "";
				PRODUCT_NAME = ALL_BUILD;
				SECTORDER_FLAGS = "";
				USE_HEADERMAP = NO;
				WARNING_CFLAGS = ("$(inherited)");
			};
			name = Debug;
		};
		606CB1D504FE40B68C876DFC /* MinSizeRel */ = {
			isa = XCBuildConfiguration;
			buildSettings = {
				COMBINE_HIDPI_IMAGES = YES;
				GCC_GENERATE_DEBUGGING_SYMBOLS = YES;
				GCC_INLINES_ARE_PRIVATE_EXTERN = NO;
				GCC_OPTIMIZATION_LEVEL = 0;
				GCC_PREPROCESSOR_DEFINITIONS = ("'CMAKE_INTDIR=\"$(CONFIGURATION)$(EFFECTIVE_PLATFORM_NAME)\"'","$(inherited)");
				GCC_SYMBOLS_PRIVATE_EXTERN = NO;
				INSTALL_PATH = "";
				OTHER_LDFLAGS = ("","$(inherited)");
				OTHER_REZFLAGS = "";
				PRODUCT_NAME = install;
				SECTORDER_FLAGS = "";
				USE_HEADERMAP = NO;
				WARNING_CFLAGS = ("$(inherited)");
			};
			name = MinSizeRel;
		};
		692E97793D234C4F80E27E59 /* Release */ = {
			isa = XCBuildConfiguration;
			buildSettings = {
				COMBINE_HIDPI_IMAGES = YES;
				CONFIGURATION_BUILD_DIR = /Users/student/Documents/code/Arpeggiator/Builds/JUCE/tools/Release;
				EXECUTABLE_PREFIX = "";
				EXECUTABLE_SUFFIX = "";
				GCC_GENERATE_DEBUGGING_SYMBOLS = NO;
				GCC_INLINES_ARE_PRIVATE_EXTERN = NO;
				GCC_OPTIMIZATION_LEVEL = 0;
				GCC_PREPROCESSOR_DEFINITIONS = ("'CMAKE_INTDIR=\"$(CONFIGURATION)$(EFFECTIVE_PLATFORM_NAME)\"'","$(inherited)");
				GCC_SYMBOLS_PRIVATE_EXTERN = NO;
				INSTALL_PATH = "";
				OTHER_CPLUSPLUSFLAGS = "'-std=c++17' ";
				OTHER_LDFLAGS = (" -Wl,-search_paths_first -Wl,-headerpad_max_install_names","$(inherited)");
				OTHER_REZFLAGS = "";
				PRODUCT_NAME = juce_lv2_helper;
				SECTORDER_FLAGS = "";
				TARGET_TEMP_DIR = "/Users/student/Documents/code/Arpeggiator/Builds/JUCE/tools/build/juce_lv2_helper.build/$(CONFIGURATION)$(EFFECTIVE_PLATFORM_NAME)";
				USE_HEADERMAP = NO;
				WARNING_CFLAGS = ("$(inherited)");
			};
			name = Release;
		};
		71EB5069137744B09AA707FF /* RelWithDebInfo */ = {
			isa = XCBuildConfiguration;
			buildSettings = {
				ARCHS = "$(NATIVE_ARCH_ACTUAL)";
				ONLY_ACTIVE_ARCH = YES;
				SDKROOT = /Applications/Xcode.app/Contents/Developer/Platforms/MacOSX.platform/Developer/SDKs/MacOSX12.3.sdk;
				SYMROOT = /Users/student/Documents/code/Arpeggiator/Builds/JUCE/tools/build;
			};
			name = RelWithDebInfo;
		};
		72EF9AE55AF14F1C8DA1C8A7 /* Release */ = {
			isa = XCBuildConfiguration;
			buildSettings = {
				COMBINE_HIDPI_IMAGES = YES;
				CONFIGURATION_BUILD_DIR = /Users/student/Documents/code/Arpeggiator/Builds/JUCE/tools/extras/Build/juceaide/juceaide_artefacts/Release;
				EXECUTABLE_PREFIX = "";
				EXECUTABLE_SUFFIX = "";
				GCC_GENERATE_DEBUGGING_SYMBOLS = NO;
				GCC_INLINES_ARE_PRIVATE_EXTERN = NO;
				GCC_OPTIMIZATION_LEVEL = 3;
				GCC_PREPROCESSOR_DEFINITIONS = ("'CMAKE_INTDIR=\"$(CONFIGURATION)$(EFFECTIVE_PLATFORM_NAME)\"'","'JUCE_STANDALONE_APPLICATION=1'","'JUCE_DISABLE_JUCE_VERSION_PRINTING=1'","'JUCE_USE_CURL=0'","'JUCE_MODULE_AVAILABLE_juce_build_tools=1'","'JUCE_MODULE_AVAILABLE_juce_gui_basics=1'","'JUCE_MODULE_AVAILABLE_juce_graphics=1'","'JUCE_MODULE_AVAILABLE_juce_events=1'","'JUCE_GLOBAL_MODULE_SETTINGS_INCLUDED=1'","'NDEBUG=1'","'_NDEBUG=1'","'JUCE_MODULE_AVAILABLE_juce_core=1'","'JUCE_MODULE_AVAILABLE_juce_data_structures=1'","$(inherited)");
				GCC_SYMBOLS_PRIVATE_EXTERN = NO;
				HEADER_SEARCH_PATHS = (/Users/student/Documents/code/Arpeggiator/Builds/JUCE/tools/extras/Build/juceaide/juceaide_artefacts/JuceLibraryCode,/Users/student/Documents/code/Arpeggiator/JUCE/extras/Build,/Users/student/Documents/code/Arpeggiator/JUCE/modules,"$(inherited)");
				INSTALL_PATH = "";
				OTHER_CPLUSPLUSFLAGS = "    -flto -Wall -Wshadow-all -Wshorten-64-to-32 -Wstrict-aliasing -Wuninitialized -Wunused-parameter -Wconversion -Wsign-compare -Wint-conversion -Wconditional-uninitialized -Wconstant-conversion -Wsign-conversion -Wbool-conversion -Wextra-semi -Wunreachable-code -Wcast-align -Wshift-sign-overflow -Wmissing-prototypes -Wnullable-to-nonnull-conversion -Wno-ignored-qualifiers -Wswitch-enum -Wpedantic -Wdeprecated -Wzero-as-null-pointer-constant -Wunused-private-field -Woverloaded-virtual -Wreorder -Winconsistent-missing-destructor-override '-std=c++17' ";
				OTHER_LDFLAGS = (" -Wl,-search_paths_first -Wl,-headerpad_max_install_names","-weak_framework Metal","-weak_framework MetalKit","-Xlinker -framework -Xlinker QuartzCore","-Xlinker -framework -Xlinker Cocoa","-Xlinker -framework -Xlinker Foundation","-Xlinker -framework -Xlinker IOKit","-flto","$(inherited)");
				OTHER_REZFLAGS = "";
				PRODUCT_NAME = juceaide;
				SECTORDER_FLAGS = "";
				TARGET_TEMP_DIR = "/Users/student/Documents/code/Arpeggiator/Builds/JUCE/tools/build/juceaide.build/$(CONFIGURATION)$(EFFECTIVE_PLATFORM_NAME)";
				USE_HEADERMAP = NO;
				WARNING_CFLAGS = ("$(inherited)");
			};
			name = Release;
		};
		76347BEE8BA4493E9C632E9E /* Release */ = {
			isa = XCBuildConfiguration;
			buildSettings = {
				ARCHS = "$(NATIVE_ARCH_ACTUAL)";
				ONLY_ACTIVE_ARCH = YES;
				SDKROOT = /Applications/Xcode.app/Contents/Developer/Platforms/MacOSX.platform/Developer/SDKs/MacOSX12.3.sdk;
				SYMROOT = /Users/student/Documents/code/Arpeggiator/Builds/JUCE/tools/build;
			};
			name = Release;
		};
		768839C705DF4B58A9F5838E /* Debug */ = {
			isa = XCBuildConfiguration;
			buildSettings = {
				ARCHS = "$(NATIVE_ARCH_ACTUAL)";
				ONLY_ACTIVE_ARCH = YES;
				SDKROOT = /Applications/Xcode.app/Contents/Developer/Platforms/MacOSX.platform/Developer/SDKs/MacOSX12.3.sdk;
				SYMROOT = /Users/student/Documents/code/Arpeggiator/Builds/JUCE/tools/build;
			};
			name = Debug;
		};
		7D42C0FF59F84D3CA38198FE /* Debug */ = {
			isa = XCBuildConfiguration;
			buildSettings = {
				COMBINE_HIDPI_IMAGES = YES;
				CONFIGURATION_BUILD_DIR = /Users/student/Documents/code/Arpeggiator/Builds/JUCE/tools/Debug;
				EXECUTABLE_PREFIX = "";
				EXECUTABLE_SUFFIX = "";
				GCC_GENERATE_DEBUGGING_SYMBOLS = NO;
				GCC_INLINES_ARE_PRIVATE_EXTERN = NO;
				GCC_OPTIMIZATION_LEVEL = 0;
				GCC_PREPROCESSOR_DEFINITIONS = ("'CMAKE_INTDIR=\"$(CONFIGURATION)$(EFFECTIVE_PLATFORM_NAME)\"'","$(inherited)");
				GCC_SYMBOLS_PRIVATE_EXTERN = NO;
				INSTALL_PATH = "";
				OTHER_CPLUSPLUSFLAGS = "'-std=c++17' ";
				OTHER_LDFLAGS = (" -Wl,-search_paths_first -Wl,-headerpad_max_install_names","$(inherited)");
				OTHER_REZFLAGS = "";
				PRODUCT_NAME = juce_lv2_helper;
				SECTORDER_FLAGS = "";
				TARGET_TEMP_DIR = "/Users/student/Documents/code/Arpeggiator/Builds/JUCE/tools/build/juce_lv2_helper.build/$(CONFIGURATION)$(EFFECTIVE_PLATFORM_NAME)";
				USE_HEADERMAP = NO;
				WARNING_CFLAGS = ("$(inherited)");
			};
			name = Debug;
		};
		9D048544FFDA44FCAC5E2DCB /* RelWithDebInfo */ = {
			isa = XCBuildConfiguration;
			buildSettings = {
				COMBINE_HIDPI_IMAGES = YES;
				CONFIGURATION_BUILD_DIR = /Users/student/Documents/code/Arpeggiator/Builds/JUCE/tools/extras/Build/juceaide/juceaide_artefacts/RelWithDebInfo;
				EXECUTABLE_PREFIX = "";
				EXECUTABLE_SUFFIX = "";
				GCC_GENERATE_DEBUGGING_SYMBOLS = NO;
				GCC_INLINES_ARE_PRIVATE_EXTERN = NO;
				GCC_OPTIMIZATION_LEVEL = 0;
				GCC_PREPROCESSOR_DEFINITIONS = ("'CMAKE_INTDIR=\"$(CONFIGURATION)$(EFFECTIVE_PLATFORM_NAME)\"'","'JUCE_STANDALONE_APPLICATION=1'","'JUCE_DISABLE_JUCE_VERSION_PRINTING=1'","'JUCE_USE_CURL=0'","'JUCE_MODULE_AVAILABLE_juce_build_tools=1'","'JUCE_MODULE_AVAILABLE_juce_gui_basics=1'","'JUCE_MODULE_AVAILABLE_juce_graphics=1'","'JUCE_MODULE_AVAILABLE_juce_events=1'","'JUCE_GLOBAL_MODULE_SETTINGS_INCLUDED=1'","'NDEBUG=1'","'_NDEBUG=1'","'JUCE_MODULE_AVAILABLE_juce_core=1'","'JUCE_MODULE_AVAILABLE_juce_data_structures=1'","$(inherited)");
				GCC_SYMBOLS_PRIVATE_EXTERN = NO;
				HEADER_SEARCH_PATHS = (/Users/student/Documents/code/Arpeggiator/Builds/JUCE/tools/extras/Build/juceaide/juceaide_artefacts/JuceLibraryCode,/Users/student/Documents/code/Arpeggiator/JUCE/extras/Build,/Users/student/Documents/code/Arpeggiator/JUCE/modules,"$(inherited)");
				INSTALL_PATH = "";
				OTHER_CPLUSPLUSFLAGS = "-Wall -Wshadow-all -Wshorten-64-to-32 -Wstrict-aliasing -Wuninitialized -Wunused-parameter -Wconversion -Wsign-compare -Wint-conversion -Wconditional-uninitialized -Wconstant-conversion -Wsign-conversion -Wbool-conversion -Wextra-semi -Wunreachable-code -Wcast-align -Wshift-sign-overflow -Wmissing-prototypes -Wnullable-to-nonnull-conversion -Wno-ignored-qualifiers -Wswitch-enum -Wpedantic -Wdeprecated -Wzero-as-null-pointer-constant -Wunused-private-field -Woverloaded-virtual -Wreorder -Winconsistent-missing-destructor-override '-std=c++17' ";
				OTHER_LDFLAGS = (" -Wl,-search_paths_first -Wl,-headerpad_max_install_names","-weak_framework Metal","-weak_framework MetalKit","-Xlinker -framework -Xlinker QuartzCore","-Xlinker -framework -Xlinker Cocoa","-Xlinker -framework -Xlinker Foundation","-Xlinker -framework -Xlinker IOKit","$(inherited)");
				OTHER_REZFLAGS = "";
				PRODUCT_NAME = juceaide;
				SECTORDER_FLAGS = "";
				TARGET_TEMP_DIR = "/Users/student/Documents/code/Arpeggiator/Builds/JUCE/tools/build/juceaide.build/$(CONFIGURATION)$(EFFECTIVE_PLATFORM_NAME)";
				USE_HEADERMAP = NO;
				WARNING_CFLAGS = ("$(inherited)");
			};
			name = RelWithDebInfo;
		};
		A3BFC7240FF145CFAEF418EE /* Debug */ = {
			isa = XCBuildConfiguration;
			buildSettings = {
				COMBINE_HIDPI_IMAGES = YES;
				CONFIGURATION_BUILD_DIR = /Users/student/Documents/code/Arpeggiator/Builds/JUCE/tools/extras/Build/juceaide/juceaide_artefacts/Debug;
				EXECUTABLE_PREFIX = "";
				EXECUTABLE_SUFFIX = "";
				GCC_GENERATE_DEBUGGING_SYMBOLS = YES;
				GCC_INLINES_ARE_PRIVATE_EXTERN = NO;
				GCC_OPTIMIZATION_LEVEL = 0;
				GCC_PREPROCESSOR_DEFINITIONS = ("'CMAKE_INTDIR=\"$(CONFIGURATION)$(EFFECTIVE_PLATFORM_NAME)\"'","'JUCE_STANDALONE_APPLICATION=1'","'JUCE_DISABLE_JUCE_VERSION_PRINTING=1'","'JUCE_USE_CURL=0'","'JUCE_MODULE_AVAILABLE_juce_build_tools=1'","'JUCE_MODULE_AVAILABLE_juce_gui_basics=1'","'JUCE_MODULE_AVAILABLE_juce_graphics=1'","'JUCE_MODULE_AVAILABLE_juce_events=1'","'JUCE_GLOBAL_MODULE_SETTINGS_INCLUDED=1'","'DEBUG=1'","'_DEBUG=1'","'JUCE_MODULE_AVAILABLE_juce_core=1'","'JUCE_MODULE_AVAILABLE_juce_data_structures=1'","$(inherited)");
				GCC_SYMBOLS_PRIVATE_EXTERN = NO;
				HEADER_SEARCH_PATHS = (/Users/student/Documents/code/Arpeggiator/Builds/JUCE/tools/extras/Build/juceaide/juceaide_artefacts/JuceLibraryCode,/Users/student/Documents/code/Arpeggiator/JUCE/extras/Build,/Users/student/Documents/code/Arpeggiator/JUCE/modules,"$(inherited)");
				INSTALL_PATH = "";
				OTHER_CPLUSPLUSFLAGS = "       -Wall -Wshadow-all -Wshorten-64-to-32 -Wstrict-aliasing -Wuninitialized -Wunused-parameter -Wconversion -Wsign-compare -Wint-conversion -Wconditional-uninitialized -Wconstant-conversion -Wsign-conversion -Wbool-conversion -Wextra-semi -Wunreachable-code -Wcast-align -Wshift-sign-overflow -Wmissing-prototypes -Wnullable-to-nonnull-conversion -Wno-ignored-qualifiers -Wswitch-enum -Wpedantic -Wdeprecated -Wzero-as-null-pointer-constant -Wunused-private-field -Woverloaded-virtual -Wreorder -Winconsistent-missing-destructor-override '-std=c++17' ";
				OTHER_LDFLAGS = (" -Wl,-search_paths_first -Wl,-headerpad_max_install_names","-weak_framework Metal","-weak_framework MetalKit","-Xlinker -framework -Xlinker QuartzCore","-Xlinker -framework -Xlinker Cocoa","-Xlinker -framework -Xlinker Foundation","-Xlinker -framework -Xlinker IOKit","$(inherited)");
				OTHER_REZFLAGS = "";
				PRODUCT_NAME = juceaide;
				SECTORDER_FLAGS = "";
				TARGET_TEMP_DIR = "/Users/student/Documents/code/Arpeggiator/Builds/JUCE/tools/build/juceaide.build/$(CONFIGURATION)$(EFFECTIVE_PLATFORM_NAME)";
				USE_HEADERMAP = NO;
				WARNING_CFLAGS = ("$(inherited)");
			};
			name = Debug;
		};
		A406F736BA0B42228502E518 /* MinSizeRel */ = {
			isa = XCBuildConfiguration;
			buildSettings = {
				COMBINE_HIDPI_IMAGES = YES;
				GCC_GENERATE_DEBUGGING_SYMBOLS = YES;
				GCC_INLINES_ARE_PRIVATE_EXTERN = NO;
				GCC_OPTIMIZATION_LEVEL = 0;
				GCC_PREPROCESSOR_DEFINITIONS = ("'CMAKE_INTDIR=\"$(CONFIGURATION)$(EFFECTIVE_PLATFORM_NAME)\"'","$(inherited)");
				GCC_SYMBOLS_PRIVATE_EXTERN = NO;
				INSTALL_PATH = "";
				OTHER_LDFLAGS = ("","$(inherited)");
				OTHER_REZFLAGS = "";
				PRODUCT_NAME = ZERO_CHECK;
				SECTORDER_FLAGS = "";
				USE_HEADERMAP = NO;
				WARNING_CFLAGS = ("$(inherited)");
			};
			name = MinSizeRel;
		};
		B22B0FFBDE19480D8BBE9386 /* MinSizeRel */ = {
			isa = XCBuildConfiguration;
			buildSettings = {
				COMBINE_HIDPI_IMAGES = YES;
				GCC_GENERATE_DEBUGGING_SYMBOLS = YES;
				GCC_INLINES_ARE_PRIVATE_EXTERN = NO;
				GCC_OPTIMIZATION_LEVEL = 0;
				GCC_PREPROCESSOR_DEFINITIONS = ("'CMAKE_INTDIR=\"$(CONFIGURATION)$(EFFECTIVE_PLATFORM_NAME)\"'","$(inherited)");
				GCC_SYMBOLS_PRIVATE_EXTERN = NO;
				INSTALL_PATH = "";
				OTHER_LDFLAGS = ("","$(inherited)");
				OTHER_REZFLAGS = "";
				PRODUCT_NAME = ALL_BUILD;
				SECTORDER_FLAGS = "";
				USE_HEADERMAP = NO;
				WARNING_CFLAGS = ("$(inherited)");
			};
			name = MinSizeRel;
		};
		C239D3CEFA37437CB6500C95 /* MinSizeRel */ = {
			isa = XCBuildConfiguration;
			buildSettings = {
				COMBINE_HIDPI_IMAGES = YES;
				CONFIGURATION_BUILD_DIR = /Users/student/Documents/code/Arpeggiator/Builds/JUCE/tools/MinSizeRel;
				EXECUTABLE_PREFIX = "";
				EXECUTABLE_SUFFIX = "";
				GCC_GENERATE_DEBUGGING_SYMBOLS = NO;
				GCC_INLINES_ARE_PRIVATE_EXTERN = NO;
				GCC_OPTIMIZATION_LEVEL = 0;
				GCC_PREPROCESSOR_DEFINITIONS = ("'CMAKE_INTDIR=\"$(CONFIGURATION)$(EFFECTIVE_PLATFORM_NAME)\"'","$(inherited)");
				GCC_SYMBOLS_PRIVATE_EXTERN = NO;
				INSTALL_PATH = "";
				OTHER_CPLUSPLUSFLAGS = "'-std=c++17' ";
				OTHER_LDFLAGS = (" -Wl,-search_paths_first -Wl,-headerpad_max_install_names","$(inherited)");
				OTHER_REZFLAGS = "";
				PRODUCT_NAME = juce_lv2_helper;
				SECTORDER_FLAGS = "";
				TARGET_TEMP_DIR = "/Users/student/Documents/code/Arpeggiator/Builds/JUCE/tools/build/juce_lv2_helper.build/$(CONFIGURATION)$(EFFECTIVE_PLATFORM_NAME)";
				USE_HEADERMAP = NO;
				WARNING_CFLAGS = ("$(inherited)");
			};
			name = MinSizeRel;
		};
		C43BBB950EC74E56AE0A697F /* Release */ = {
			isa = XCBuildConfiguration;
			buildSettings = {
				COMBINE_HIDPI_IMAGES = YES;
				GCC_GENERATE_DEBUGGING_SYMBOLS = YES;
				GCC_INLINES_ARE_PRIVATE_EXTERN = NO;
				GCC_OPTIMIZATION_LEVEL = 0;
				GCC_PREPROCESSOR_DEFINITIONS = ("'CMAKE_INTDIR=\"$(CONFIGURATION)$(EFFECTIVE_PLATFORM_NAME)\"'","$(inherited)");
				GCC_SYMBOLS_PRIVATE_EXTERN = NO;
				INSTALL_PATH = "";
				OTHER_LDFLAGS = ("","$(inherited)");
				OTHER_REZFLAGS = "";
				PRODUCT_NAME = install;
				SECTORDER_FLAGS = "";
				USE_HEADERMAP = NO;
				WARNING_CFLAGS = ("$(inherited)");
			};
			name = Release;
		};
		C556DB36D5EA4434AD6D3A73 /* RelWithDebInfo */ = {
			isa = XCBuildConfiguration;
			buildSettings = {
				COMBINE_HIDPI_IMAGES = YES;
				GCC_GENERATE_DEBUGGING_SYMBOLS = YES;
				GCC_INLINES_ARE_PRIVATE_EXTERN = NO;
				GCC_OPTIMIZATION_LEVEL = 0;
				GCC_PREPROCESSOR_DEFINITIONS = ("'CMAKE_INTDIR=\"$(CONFIGURATION)$(EFFECTIVE_PLATFORM_NAME)\"'","$(inherited)");
				GCC_SYMBOLS_PRIVATE_EXTERN = NO;
				INSTALL_PATH = "";
				OTHER_LDFLAGS = ("","$(inherited)");
				OTHER_REZFLAGS = "";
				PRODUCT_NAME = install;
				SECTORDER_FLAGS = "";
				USE_HEADERMAP = NO;
				WARNING_CFLAGS = ("$(inherited)");
			};
			name = RelWithDebInfo;
		};
		C6D6E5A719E84D969B013F7B /* RelWithDebInfo */ = {
			isa = XCBuildConfiguration;
			buildSettings = {
				COMBINE_HIDPI_IMAGES = YES;
				CONFIGURATION_BUILD_DIR = /Users/student/Documents/code/Arpeggiator/Builds/JUCE/tools/RelWithDebInfo;
				EXECUTABLE_PREFIX = "";
				EXECUTABLE_SUFFIX = "";
				GCC_GENERATE_DEBUGGING_SYMBOLS = NO;
				GCC_INLINES_ARE_PRIVATE_EXTERN = NO;
				GCC_OPTIMIZATION_LEVEL = 0;
				GCC_PREPROCESSOR_DEFINITIONS = ("'CMAKE_INTDIR=\"$(CONFIGURATION)$(EFFECTIVE_PLATFORM_NAME)\"'","$(inherited)");
				GCC_SYMBOLS_PRIVATE_EXTERN = NO;
				INSTALL_PATH = "";
				OTHER_CPLUSPLUSFLAGS = "'-std=c++17' ";
				OTHER_LDFLAGS = (" -Wl,-search_paths_first -Wl,-headerpad_max_install_names","$(inherited)");
				OTHER_REZFLAGS = "";
				PRODUCT_NAME = juce_lv2_helper;
				SECTORDER_FLAGS = "";
				TARGET_TEMP_DIR = "/Users/student/Documents/code/Arpeggiator/Builds/JUCE/tools/build/juce_lv2_helper.build/$(CONFIGURATION)$(EFFECTIVE_PLATFORM_NAME)";
				USE_HEADERMAP = NO;
				WARNING_CFLAGS = ("$(inherited)");
			};
			name = RelWithDebInfo;
		};
		CDA210DDD97B487A96C3B156 /* MinSizeRel */ = {
			isa = XCBuildConfiguration;
			buildSettings = {
				ARCHS = "$(NATIVE_ARCH_ACTUAL)";
				ONLY_ACTIVE_ARCH = YES;
				SDKROOT = /Applications/Xcode.app/Contents/Developer/Platforms/MacOSX.platform/Developer/SDKs/MacOSX12.3.sdk;
				SYMROOT = /Users/student/Documents/code/Arpeggiator/Builds/JUCE/tools/build;
			};
			name = MinSizeRel;
		};
		E0C9B8EFD523487F9F954862 /* RelWithDebInfo */ = {
			isa = XCBuildConfiguration;
			buildSettings = {
				COMBINE_HIDPI_IMAGES = YES;
				GCC_GENERATE_DEBUGGING_SYMBOLS = YES;
				GCC_INLINES_ARE_PRIVATE_EXTERN = NO;
				GCC_OPTIMIZATION_LEVEL = 0;
				GCC_PREPROCESSOR_DEFINITIONS = ("'CMAKE_INTDIR=\"$(CONFIGURATION)$(EFFECTIVE_PLATFORM_NAME)\"'","$(inherited)");
				GCC_SYMBOLS_PRIVATE_EXTERN = NO;
				INSTALL_PATH = "";
				OTHER_LDFLAGS = ("","$(inherited)");
				OTHER_REZFLAGS = "";
				PRODUCT_NAME = ZERO_CHECK;
				SECTORDER_FLAGS = "";
				USE_HEADERMAP = NO;
				WARNING_CFLAGS = ("$(inherited)");
			};
			name = RelWithDebInfo;
		};
		E55C0C9AFF264F99806079D7 /* Debug */ = {
			isa = XCBuildConfiguration;
			buildSettings = {
				COMBINE_HIDPI_IMAGES = YES;
				GCC_GENERATE_DEBUGGING_SYMBOLS = YES;
				GCC_INLINES_ARE_PRIVATE_EXTERN = NO;
				GCC_OPTIMIZATION_LEVEL = 0;
				GCC_PREPROCESSOR_DEFINITIONS = ("'CMAKE_INTDIR=\"$(CONFIGURATION)$(EFFECTIVE_PLATFORM_NAME)\"'","$(inherited)");
				GCC_SYMBOLS_PRIVATE_EXTERN = NO;
				INSTALL_PATH = "";
				OTHER_LDFLAGS = ("","$(inherited)");
				OTHER_REZFLAGS = "";
				PRODUCT_NAME = ZERO_CHECK;
				SECTORDER_FLAGS = "";
				USE_HEADERMAP = NO;
				WARNING_CFLAGS = ("$(inherited)");
			};
			name = Debug;
		};
/* End XCBuildConfiguration section */

/* Begin XCConfigurationList section */
		1332C85E52B04CBDA761D2B5 /* Build configuration list for PBXNativeTarget "juce_lv2_helper" */ = {
			isa = XCConfigurationList;
			buildConfigurations = (
				7D42C0FF59F84D3CA38198FE /* Debug */,
				692E97793D234C4F80E27E59 /* Release */,
				C239D3CEFA37437CB6500C95 /* MinSizeRel */,
				C6D6E5A719E84D969B013F7B /* RelWithDebInfo */,
			);
			defaultConfigurationIsVisible = 0;
			defaultConfigurationName = Debug;
		};
		150678745A2047B8BB18760F /* Build configuration list for PBXAggregateTarget "install" */ = {
			isa = XCConfigurationList;
			buildConfigurations = (
				316A72FDA81B438DAD1096DA /* Debug */,
				C43BBB950EC74E56AE0A697F /* Release */,
				606CB1D504FE40B68C876DFC /* MinSizeRel */,
				C556DB36D5EA4434AD6D3A73 /* RelWithDebInfo */,
			);
			defaultConfigurationIsVisible = 0;
			defaultConfigurationName = Debug;
		};
		5C5F0CA0E5C14BF88903917B /* Build configuration list for PBXProject "JUCE" */ = {
			isa = XCConfigurationList;
			buildConfigurations = (
				768839C705DF4B58A9F5838E /* Debug */,
				76347BEE8BA4493E9C632E9E /* Release */,
				CDA210DDD97B487A96C3B156 /* MinSizeRel */,
				71EB5069137744B09AA707FF /* RelWithDebInfo */,
			);
			defaultConfigurationIsVisible = 0;
			defaultConfigurationName = Debug;
		};
		5E17381086524F8588B631F7 /* Build configuration list for PBXAggregateTarget "ALL_BUILD" */ = {
			isa = XCConfigurationList;
			buildConfigurations = (
				5AE8472F5E9345F9A1208B9B /* Debug */,
				1A08DC1927994946B0B78E21 /* Release */,
				B22B0FFBDE19480D8BBE9386 /* MinSizeRel */,
				2B661C3990A54850BDAE61ED /* RelWithDebInfo */,
			);
			defaultConfigurationIsVisible = 0;
			defaultConfigurationName = Debug;
		};
		8FD38B2D469E4926BB534C31 /* Build configuration list for PBXNativeTarget "juceaide" */ = {
			isa = XCConfigurationList;
			buildConfigurations = (
				A3BFC7240FF145CFAEF418EE /* Debug */,
				72EF9AE55AF14F1C8DA1C8A7 /* Release */,
				04A4D7EA58124FD98A1DBBE9 /* MinSizeRel */,
				9D048544FFDA44FCAC5E2DCB /* RelWithDebInfo */,
			);
			defaultConfigurationIsVisible = 0;
			defaultConfigurationName = Debug;
		};
		F00EDBC1AC314C9388E572EC /* Build configuration list for PBXAggregateTarget "ZERO_CHECK" */ = {
			isa = XCConfigurationList;
			buildConfigurations = (
				E55C0C9AFF264F99806079D7 /* Debug */,
				029E08E873ED478781CF6289 /* Release */,
				A406F736BA0B42228502E518 /* MinSizeRel */,
				E0C9B8EFD523487F9F954862 /* RelWithDebInfo */,
			);
			defaultConfigurationIsVisible = 0;
			defaultConfigurationName = Debug;
		};
/* End XCConfigurationList section */
	};
	rootObject = CADD6913DD794AB39247CEF1 /* Project object */;
}
